// !$*UTF8*$!
{
	archiveVersion = 1;
	classes = {
	};
	objectVersion = 50;
	objects = {

/* Begin PBXBuildFile section */
		31B9A56B246EA7EE00EC8FBF /* AppDelegate.swift in Sources */ = {isa = PBXBuildFile; fileRef = 31B9A56A246EA7EE00EC8FBF /* AppDelegate.swift */; };
		31B9A56D246EA7EE00EC8FBF /* SceneDelegate.swift in Sources */ = {isa = PBXBuildFile; fileRef = 31B9A56C246EA7EE00EC8FBF /* SceneDelegate.swift */; };
		31B9A56F246EA7EE00EC8FBF /* ViewController.swift in Sources */ = {isa = PBXBuildFile; fileRef = 31B9A56E246EA7EE00EC8FBF /* ViewController.swift */; };
		31B9A572246EA7EE00EC8FBF /* Main.storyboard in Resources */ = {isa = PBXBuildFile; fileRef = 31B9A570246EA7EE00EC8FBF /* Main.storyboard */; };
		31B9A574246EA7F100EC8FBF /* Assets.xcassets in Resources */ = {isa = PBXBuildFile; fileRef = 31B9A573246EA7F100EC8FBF /* Assets.xcassets */; };
		31B9A577246EA7F100EC8FBF /* LaunchScreen.storyboard in Resources */ = {isa = PBXBuildFile; fileRef = 31B9A575246EA7F100EC8FBF /* LaunchScreen.storyboard */; };
		31B9A57F246EB28000EC8FBF /* Movie.swift in Sources */ = {isa = PBXBuildFile; fileRef = 31B9A57E246EB28000EC8FBF /* Movie.swift */; };
/* End PBXBuildFile section */

/* Begin PBXFileReference section */
		31B9A567246EA7EE00EC8FBF /* FilmDatabase.app */ = {isa = PBXFileReference; explicitFileType = wrapper.application; includeInIndex = 0; path = FilmDatabase.app; sourceTree = BUILT_PRODUCTS_DIR; };
		31B9A56A246EA7EE00EC8FBF /* AppDelegate.swift */ = {isa = PBXFileReference; lastKnownFileType = sourcecode.swift; path = AppDelegate.swift; sourceTree = "<group>"; };
		31B9A56C246EA7EE00EC8FBF /* SceneDelegate.swift */ = {isa = PBXFileReference; lastKnownFileType = sourcecode.swift; path = SceneDelegate.swift; sourceTree = "<group>"; };
		31B9A56E246EA7EE00EC8FBF /* ViewController.swift */ = {isa = PBXFileReference; lastKnownFileType = sourcecode.swift; path = ViewController.swift; sourceTree = "<group>"; };
		31B9A571246EA7EE00EC8FBF /* Base */ = {isa = PBXFileReference; lastKnownFileType = file.storyboard; name = Base; path = Base.lproj/Main.storyboard; sourceTree = "<group>"; };
		31B9A573246EA7F100EC8FBF /* Assets.xcassets */ = {isa = PBXFileReference; lastKnownFileType = folder.assetcatalog; path = Assets.xcassets; sourceTree = "<group>"; };
		31B9A576246EA7F100EC8FBF /* Base */ = {isa = PBXFileReference; lastKnownFileType = file.storyboard; name = Base; path = Base.lproj/LaunchScreen.storyboard; sourceTree = "<group>"; };
		31B9A578246EA7F100EC8FBF /* Info.plist */ = {isa = PBXFileReference; lastKnownFileType = text.plist.xml; path = Info.plist; sourceTree = "<group>"; };
		31B9A57E246EB28000EC8FBF /* Movie.swift */ = {isa = PBXFileReference; lastKnownFileType = sourcecode.swift; path = Movie.swift; sourceTree = "<group>"; };
/* End PBXFileReference section */

/* Begin PBXFrameworksBuildPhase section */
		31B9A564246EA7EE00EC8FBF /* Frameworks */ = {
			isa = PBXFrameworksBuildPhase;
			buildActionMask = 2147483647;
			files = (
			);
			runOnlyForDeploymentPostprocessing = 0;
		};
/* End PBXFrameworksBuildPhase section */

/* Begin PBXGroup section */
		31B9A55E246EA7EE00EC8FBF = {
			isa = PBXGroup;
			children = (
				31B9A569246EA7EE00EC8FBF /* FilmDatabase */,
				31B9A568246EA7EE00EC8FBF /* Products */,
			);
			sourceTree = "<group>";
		};
		31B9A568246EA7EE00EC8FBF /* Products */ = {
			isa = PBXGroup;
			children = (
				31B9A567246EA7EE00EC8FBF /* FilmDatabase.app */,
			);
			name = Products;
			sourceTree = "<group>";
		};
		31B9A569246EA7EE00EC8FBF /* FilmDatabase */ = {
			isa = PBXGroup;
			children = (
				31B9A56A246EA7EE00EC8FBF /* AppDelegate.swift */,
				31B9A56C246EA7EE00EC8FBF /* SceneDelegate.swift */,
				31B9A56E246EA7EE00EC8FBF /* ViewController.swift */,
				31B9A570246EA7EE00EC8FBF /* Main.storyboard */,
				31B9A573246EA7F100EC8FBF /* Assets.xcassets */,
				31B9A575246EA7F100EC8FBF /* LaunchScreen.storyboard */,
				31B9A578246EA7F100EC8FBF /* Info.plist */,
				31B9A57E246EB28000EC8FBF /* Movie.swift */,
			);
			path = FilmDatabase;
			sourceTree = "<group>";
		};
/* End PBXGroup section */

/* Begin PBXNativeTarget section */
		31B9A566246EA7EE00EC8FBF /* FilmDatabase */ = {
			isa = PBXNativeTarget;
			buildConfigurationList = 31B9A57B246EA7F100EC8FBF /* Build configuration list for PBXNativeTarget "FilmDatabase" */;
			buildPhases = (
				31B9A563246EA7EE00EC8FBF /* Sources */,
				31B9A564246EA7EE00EC8FBF /* Frameworks */,
				31B9A565246EA7EE00EC8FBF /* Resources */,
			);
			buildRules = (
			);
			dependencies = (
			);
			name = FilmDatabase;
			productName = FilmDatabase;
			productReference = 31B9A567246EA7EE00EC8FBF /* FilmDatabase.app */;
			productType = "com.apple.product-type.application";
		};
/* End PBXNativeTarget section */

/* Begin PBXProject section */
		31B9A55F246EA7EE00EC8FBF /* Project object */ = {
			isa = PBXProject;
			attributes = {
				LastSwiftUpdateCheck = 1140;
				LastUpgradeCheck = 1140;
				ORGANIZATIONNAME = "Suszter Dominik";
				TargetAttributes = {
					31B9A566246EA7EE00EC8FBF = {
						CreatedOnToolsVersion = 11.4.1;
					};
				};
			};
			buildConfigurationList = 31B9A562246EA7EE00EC8FBF /* Build configuration list for PBXProject "FilmDatabase" */;
			compatibilityVersion = "Xcode 9.3";
			developmentRegion = en;
			hasScannedForEncodings = 0;
			knownRegions = (
				en,
				Base,
			);
			mainGroup = 31B9A55E246EA7EE00EC8FBF;
			productRefGroup = 31B9A568246EA7EE00EC8FBF /* Products */;
			projectDirPath = "";
			projectRoot = "";
			targets = (
				31B9A566246EA7EE00EC8FBF /* FilmDatabase */,
			);
		};
/* End PBXProject section */

/* Begin PBXResourcesBuildPhase section */
		31B9A565246EA7EE00EC8FBF /* Resources */ = {
			isa = PBXResourcesBuildPhase;
			buildActionMask = 2147483647;
			files = (
				31B9A577246EA7F100EC8FBF /* LaunchScreen.storyboard in Resources */,
				31B9A574246EA7F100EC8FBF /* Assets.xcassets in Resources */,
				31B9A572246EA7EE00EC8FBF /* Main.storyboard in Resources */,
			);
			runOnlyForDeploymentPostprocessing = 0;
		};
/* End PBXResourcesBuildPhase section */

/* Begin PBXSourcesBuildPhase section */
		31B9A563246EA7EE00EC8FBF /* Sources */ = {
			isa = PBXSourcesBuildPhase;
			buildActionMask = 2147483647;
			files = (
				31B9A56F246EA7EE00EC8FBF /* ViewController.swift in Sources */,
				31B9A56B246EA7EE00EC8FBF /* AppDelegate.swift in Sources */,
				31B9A57F246EB28000EC8FBF /* Movie.swift in Sources */,
				31B9A56D246EA7EE00EC8FBF /* SceneDelegate.swift in Sources */,
			);
			runOnlyForDeploymentPostprocessing = 0;
		};
/* End PBXSourcesBuildPhase section */

/* Begin PBXVariantGroup section */
		31B9A570246EA7EE00EC8FBF /* Main.storyboard */ = {
			isa = PBXVariantGroup;
			children = (
				31B9A571246EA7EE00EC8FBF /* Base */,
			);
			name = Main.storyboard;
			sourceTree = "<group>";
		};
		31B9A575246EA7F100EC8FBF /* LaunchScreen.storyboard */ = {
			isa = PBXVariantGroup;
			children = (
				31B9A576246EA7F100EC8FBF /* Base */,
			);
			name = LaunchScreen.storyboard;
			sourceTree = "<group>";
		};
/* End PBXVariantGroup section */

/* Begin XCBuildConfiguration section */
		31B9A579246EA7F100EC8FBF /* Debug */ = {
			isa = XCBuildConfiguration;
			buildSettings = {
				ALWAYS_SEARCH_USER_PATHS = NO;
				CLANG_ANALYZER_NONNULL = YES;
				CLANG_ANALYZER_NUMBER_OBJECT_CONVERSION = YES_AGGRESSIVE;
				CLANG_CXX_LANGUAGE_STANDARD = "gnu++14";
				CLANG_CXX_LIBRARY = "libc++";
				CLANG_ENABLE_MODULES = YES;
				CLANG_ENABLE_OBJC_ARC = YES;
				CLANG_ENABLE_OBJC_WEAK = YES;
				CLANG_WARN_BLOCK_CAPTURE_AUTORELEASING = YES;
				CLANG_WARN_BOOL_CONVERSION = YES;
				CLANG_WARN_COMMA = YES;
				CLANG_WARN_CONSTANT_CONVERSION = YES;
				CLANG_WARN_DEPRECATED_OBJC_IMPLEMENTATIONS = YES;
				CLANG_WARN_DIRECT_OBJC_ISA_USAGE = YES_ERROR;
				CLANG_WARN_DOCUMENTATION_COMMENTS = YES;
				CLANG_WARN_EMPTY_BODY = YES;
				CLANG_WARN_ENUM_CONVERSION = YES;
				CLANG_WARN_INFINITE_RECURSION = YES;
				CLANG_WARN_INT_CONVERSION = YES;
				CLANG_WARN_NON_LITERAL_NULL_CONVERSION = YES;
				CLANG_WARN_OBJC_IMPLICIT_RETAIN_SELF = YES;
				CLANG_WARN_OBJC_LITERAL_CONVERSION = YES;
				CLANG_WARN_OBJC_ROOT_CLASS = YES_ERROR;
				CLANG_WARN_RANGE_LOOP_ANALYSIS = YES;
				CLANG_WARN_STRICT_PROTOTYPES = YES;
				CLANG_WARN_SUSPICIOUS_MOVE = YES;
				CLANG_WARN_UNGUARDED_AVAILABILITY = YES_AGGRESSIVE;
				CLANG_WARN_UNREACHABLE_CODE = YES;
				CLANG_WARN__DUPLICATE_METHOD_MATCH = YES;
				COPY_PHASE_STRIP = NO;
				DEBUG_INFORMATION_FORMAT = dwarf;
				ENABLE_STRICT_OBJC_MSGSEND = YES;
				ENABLE_TESTABILITY = YES;
				GCC_C_LANGUAGE_STANDARD = gnu11;
				GCC_DYNAMIC_NO_PIC = NO;
				GCC_NO_COMMON_BLOCKS = YES;
				GCC_OPTIMIZATION_LEVEL = 0;
				GCC_PREPROCESSOR_DEFINITIONS = (
					"DEBUG=1",
					"$(inherited)",
				);
				GCC_WARN_64_TO_32_BIT_CONVERSION = YES;
				GCC_WARN_ABOUT_RETURN_TYPE = YES_ERROR;
				GCC_WARN_UNDECLARED_SELECTOR = YES;
				GCC_WARN_UNINITIALIZED_AUTOS = YES_AGGRESSIVE;
				GCC_WARN_UNUSED_FUNCTION = YES;
				GCC_WARN_UNUSED_VARIABLE = YES;
				IPHONEOS_DEPLOYMENT_TARGET = 13.4;
				MTL_ENABLE_DEBUG_INFO = INCLUDE_SOURCE;
				MTL_FAST_MATH = YES;
				ONLY_ACTIVE_ARCH = YES;
				SDKROOT = iphoneos;
				SWIFT_ACTIVE_COMPILATION_CONDITIONS = DEBUG;
				SWIFT_OPTIMIZATION_LEVEL = "-Onone";
			};
			name = Debug;
		};
		31B9A57A246EA7F100EC8FBF /* Release */ = {
			isa = XCBuildConfiguration;
			buildSettings = {
				ALWAYS_SEARCH_USER_PATHS = NO;
				CLANG_ANALYZER_NONNULL = YES;
				CLANG_ANALYZER_NUMBER_OBJECT_CONVERSION = YES_AGGRESSIVE;
				CLANG_CXX_LANGUAGE_STANDARD = "gnu++14";
				CLANG_CXX_LIBRARY = "libc++";
				CLANG_ENABLE_MODULES = YES;
				CLANG_ENABLE_OBJC_ARC = YES;
				CLANG_ENABLE_OBJC_WEAK = YES;
				CLANG_WARN_BLOCK_CAPTURE_AUTORELEASING = YES;
				CLANG_WARN_BOOL_CONVERSION = YES;
				CLANG_WARN_COMMA = YES;
				CLANG_WARN_CONSTANT_CONVERSION = YES;
				CLANG_WARN_DEPRECATED_OBJC_IMPLEMENTATIONS = YES;
				CLANG_WARN_DIRECT_OBJC_ISA_USAGE = YES_ERROR;
				CLANG_WARN_DOCUMENTATION_COMMENTS = YES;
				CLANG_WARN_EMPTY_BODY = YES;
				CLANG_WARN_ENUM_CONVERSION = YES;
				CLANG_WARN_INFINITE_RECURSION = YES;
				CLANG_WARN_INT_CONVERSION = YES;
				CLANG_WARN_NON_LITERAL_NULL_CONVERSION = YES;
				CLANG_WARN_OBJC_IMPLICIT_RETAIN_SELF = YES;
				CLANG_WARN_OBJC_LITERAL_CONVERSION = YES;
				CLANG_WARN_OBJC_ROOT_CLASS = YES_ERROR;
				CLANG_WARN_RANGE_LOOP_ANALYSIS = YES;
				CLANG_WARN_STRICT_PROTOTYPES = YES;
				CLANG_WARN_SUSPICIOUS_MOVE = YES;
				CLANG_WARN_UNGUARDED_AVAILABILITY = YES_AGGRESSIVE;
				CLANG_WARN_UNREACHABLE_CODE = YES;
				CLANG_WARN__DUPLICATE_METHOD_MATCH = YES;
				COPY_PHASE_STRIP = NO;
				DEBUG_INFORMATION_FORMAT = "dwarf-with-dsym";
				ENABLE_NS_ASSERTIONS = NO;
				ENABLE_STRICT_OBJC_MSGSEND = YES;
				GCC_C_LANGUAGE_STANDARD = gnu11;
				GCC_NO_COMMON_BLOCKS = YES;
				GCC_WARN_64_TO_32_BIT_CONVERSION = YES;
				GCC_WARN_ABOUT_RETURN_TYPE = YES_ERROR;
				GCC_WARN_UNDECLARED_SELECTOR = YES;
				GCC_WARN_UNINITIALIZED_AUTOS = YES_AGGRESSIVE;
				GCC_WARN_UNUSED_FUNCTION = YES;
				GCC_WARN_UNUSED_VARIABLE = YES;
				IPHONEOS_DEPLOYMENT_TARGET = 13.4;
				MTL_ENABLE_DEBUG_INFO = NO;
				MTL_FAST_MATH = YES;
				SDKROOT = iphoneos;
				SWIFT_COMPILATION_MODE = wholemodule;
				SWIFT_OPTIMIZATION_LEVEL = "-O";
				VALIDATE_PRODUCT = YES;
			};
			name = Release;
		};
		31B9A57C246EA7F100EC8FBF /* Debug */ = {
			isa = XCBuildConfiguration;
			buildSettings = {
				ASSETCATALOG_COMPILER_APPICON_NAME = AppIcon;
				CODE_SIGN_STYLE = Automatic;
				INFOPLIST_FILE = FilmDatabase/Info.plist;
				LD_RUNPATH_SEARCH_PATHS = (
					"$(inherited)",
					"@executable_path/Frameworks",
				);
				PRODUCT_BUNDLE_IDENTIFIER = BME.FilmDatabase;
				PRODUCT_NAME = "$(TARGET_NAME)";
				SWIFT_VERSION = 5.0;
				TARGETED_DEVICE_FAMILY = "1,2";
			};
			name = Debug;
		};
		31B9A57D246EA7F100EC8FBF /* Release */ = {
			isa = XCBuildConfiguration;
			buildSettings = {
				ASSETCATALOG_COMPILER_APPICON_NAME = AppIcon;
				CODE_SIGN_STYLE = Automatic;
				INFOPLIST_FILE = FilmDatabase/Info.plist;
				LD_RUNPATH_SEARCH_PATHS = (
					"$(inherited)",
					"@executable_path/Frameworks",
				);
				PRODUCT_BUNDLE_IDENTIFIER = BME.FilmDatabase;
				PRODUCT_NAME = "$(TARGET_NAME)";
				SWIFT_VERSION = 5.0;
				TARGETED_DEVICE_FAMILY = "1,2";
			};
			name = Release;
		};
/* End XCBuildConfiguration section */

/* Begin XCConfigurationList section */
		31B9A562246EA7EE00EC8FBF /* Build configuration list for PBXProject "FilmDatabase" */ = {
			isa = XCConfigurationList;
			buildConfigurations = (
				31B9A579246EA7F100EC8FBF /* Debug */,
				31B9A57A246EA7F100EC8FBF /* Release */,
			);
			defaultConfigurationIsVisible = 0;
			defaultConfigurationName = Release;
		};
		31B9A57B246EA7F100EC8FBF /* Build configuration list for PBXNativeTarget "FilmDatabase" */ = {
			isa = XCConfigurationList;
			buildConfigurations = (
				31B9A57C246EA7F100EC8FBF /* Debug */,
				31B9A57D246EA7F100EC8FBF /* Release */,
			);
			defaultConfigurationIsVisible = 0;
			defaultConfigurationName = Release;
		};
/* End XCConfigurationList section */
	};
	rootObject = 31B9A55F246EA7EE00EC8FBF /* Project object */;
}
